
Microsoft Visual Studio Solution File, Format Version 12.00
# Visual Studio Version 17
VisualStudioVersion = 17.4.33205.214
MinimumVisualStudioVersion = 10.0.40219.1
Project("{FAE04EC0-301F-11D3-BF4B-00C04F79EFBC}") = "OpenSilverMp3Example.Browser", "OpenSilverMp3Example.Browser\OpenSilverMp3Example.Browser.csproj", "{8C4C7EA0-D398-480B-BED2-FBC8C6D5733F}"
EndProject
Project("{FAE04EC0-301F-11D3-BF4B-00C04F79EFBC}") = "OpenSilverMp3Example", "OpenSilverMp3Example\OpenSilverMp3Example.csproj", "{F6BF5DDB-F1C4-457C-A51A-635A799386DC}"
EndProject
Project("{FAE04EC0-301F-11D3-BF4B-00C04F79EFBC}") = "OpenSilverMp3Example.Simulator", "OpenSilverMp3Example.Simulator\OpenSilverMp3Example.Simulator.csproj", "{10DD60A4-BFB9-474A-99B7-ED76936E8012}"
EndProject
Global
	GlobalSection(SolutionConfigurationPlatforms) = preSolution
		Debug|Any CPU = Debug|Any CPU
		Release|Any CPU = Release|Any CPU
	EndGlobalSection
	GlobalSection(ProjectConfigurationPlatforms) = postSolution
		{8C4C7EA0-D398-480B-BED2-FBC8C6D5733F}.Debug|Any CPU.ActiveCfg = Debug|Any CPU
		{8C4C7EA0-D398-480B-BED2-FBC8C6D5733F}.Debug|Any CPU.Build.0 = Debug|Any CPU
		{8C4C7EA0-D398-480B-BED2-FBC8C6D5733F}.Release|Any CPU.ActiveCfg = Release|Any CPU
		{8C4C7EA0-D398-480B-BED2-FBC8C6D5733F}.Release|Any CPU.Build.0 = Release|Any CPU
		{F6BF5DDB-F1C4-457C-A51A-635A799386DC}.Debug|Any CPU.ActiveCfg = Debug|Any CPU
		{F6BF5DDB-F1C4-457C-A51A-635A799386DC}.Debug|Any CPU.Build.0 = Debug|Any CPU
		{F6BF5DDB-F1C4-457C-A51A-635A799386DC}.Release|Any CPU.ActiveCfg = Release|Any CPU
		{F6BF5DDB-F1C4-457C-A51A-635A799386DC}.Release|Any CPU.Build.0 = Release|Any CPU
		{10DD60A4-BFB9-474A-99B7-ED76936E8012}.Debug|Any CPU.ActiveCfg = Debug|Any CPU
		{10DD60A4-BFB9-474A-99B7-ED76936E8012}.Debug|Any CPU.Build.0 = Debug|Any CPU
		{10DD60A4-BFB9-474A-99B7-ED76936E8012}.Release|Any CPU.ActiveCfg = Release|Any CPU
		{10DD60A4-BFB9-474A-99B7-ED76936E8012}.Release|Any CPU.Build.0 = Release|Any CPU
	EndGlobalSection
	GlobalSection(SolutionProperties) = preSolution
		HideSolutionNode = FALSE
	EndGlobalSection
	GlobalSection(ExtensibilityGlobals) = postSolution
		SolutionGuid = {7694FEF5-BBE0-4C67-8D2A-4F662D1A9CD1}
	EndGlobalSection
EndGlobal
